
Microsoft Visual Studio Solution File, Format Version 12.00
# Visual Studio Version 16
VisualStudioVersion = 16.0.31613.86
MinimumVisualStudioVersion = 10.0.40219.1
Project("{FAE04EC0-301F-11D3-BF4B-00C04F79EFBC}") = "problema_1", "problema_1\problema_1.csproj", "{1CF5D539-65DE-4B4D-BF25-F09385C62EC6}"
EndProject
Global
	GlobalSection(SolutionConfigurationPlatforms) = preSolution
		Debug|Any CPU = Debug|Any CPU
		Release|Any CPU = Release|Any CPU
	EndGlobalSection
	GlobalSection(ProjectConfigurationPlatforms) = postSolution
		{1CF5D539-65DE-4B4D-BF25-F09385C62EC6}.Debug|Any CPU.ActiveCfg = Debug|Any CPU
		{1CF5D539-65DE-4B4D-BF25-F09385C62EC6}.Debug|Any CPU.Build.0 = Debug|Any CPU
		{1CF5D539-65DE-4B4D-BF25-F09385C62EC6}.Release|Any CPU.ActiveCfg = Release|Any CPU
		{1CF5D539-65DE-4B4D-BF25-F09385C62EC6}.Release|Any CPU.Build.0 = Release|Any CPU
	EndGlobalSection
	GlobalSection(SolutionProperties) = preSolution
		HideSolutionNode = FALSE
	EndGlobalSection
	GlobalSection(ExtensibilityGlobals) = postSolution
		SolutionGuid = {8D70C500-8B2B-428F-8BBA-F8BA6FDF032B}
	EndGlobalSection
EndGlobal
