
Microsoft Visual Studio Solution File, Format Version 12.00
# Visual Studio Version 16
VisualStudioVersion = 16.0.31515.178
MinimumVisualStudioVersion = 10.0.40219.1
Project("{FAE04EC0-301F-11D3-BF4B-00C04F79EFBC}") = "Actividad 6_Problema 5", "Actividad 6_Problema 5.csproj", "{6AE2A10F-D460-4DCA-841B-126551071242}"
EndProject
Global
	GlobalSection(SolutionConfigurationPlatforms) = preSolution
		Debug|Any CPU = Debug|Any CPU
		Release|Any CPU = Release|Any CPU
	EndGlobalSection
	GlobalSection(ProjectConfigurationPlatforms) = postSolution
		{6AE2A10F-D460-4DCA-841B-126551071242}.Debug|Any CPU.ActiveCfg = Debug|Any CPU
		{6AE2A10F-D460-4DCA-841B-126551071242}.Debug|Any CPU.Build.0 = Debug|Any CPU
		{6AE2A10F-D460-4DCA-841B-126551071242}.Release|Any CPU.ActiveCfg = Release|Any CPU
		{6AE2A10F-D460-4DCA-841B-126551071242}.Release|Any CPU.Build.0 = Release|Any CPU
	EndGlobalSection
	GlobalSection(SolutionProperties) = preSolution
		HideSolutionNode = FALSE
	EndGlobalSection
	GlobalSection(ExtensibilityGlobals) = postSolution
		SolutionGuid = {CD224D75-ACB3-4139-9BC9-9CC3788E3045}
	EndGlobalSection
EndGlobal
