
Microsoft Visual Studio Solution File, Format Version 12.00
# Visual Studio Version 16
VisualStudioVersion = 16.0.31613.86
MinimumVisualStudioVersion = 10.0.40219.1
Project("{FAE04EC0-301F-11D3-BF4B-00C04F79EFBC}") = "problema4", "problema4\problema4.csproj", "{89D74816-0669-4EA1-9B7F-5C129CFC6F79}"
EndProject
Global
	GlobalSection(SolutionConfigurationPlatforms) = preSolution
		Debug|Any CPU = Debug|Any CPU
		Release|Any CPU = Release|Any CPU
	EndGlobalSection
	GlobalSection(ProjectConfigurationPlatforms) = postSolution
		{89D74816-0669-4EA1-9B7F-5C129CFC6F79}.Debug|Any CPU.ActiveCfg = Debug|Any CPU
		{89D74816-0669-4EA1-9B7F-5C129CFC6F79}.Debug|Any CPU.Build.0 = Debug|Any CPU
		{89D74816-0669-4EA1-9B7F-5C129CFC6F79}.Release|Any CPU.ActiveCfg = Release|Any CPU
		{89D74816-0669-4EA1-9B7F-5C129CFC6F79}.Release|Any CPU.Build.0 = Release|Any CPU
	EndGlobalSection
	GlobalSection(SolutionProperties) = preSolution
		HideSolutionNode = FALSE
	EndGlobalSection
	GlobalSection(ExtensibilityGlobals) = postSolution
		SolutionGuid = {C774BFB8-6D33-4318-BD3D-E40DC6225382}
	EndGlobalSection
EndGlobal
