
Microsoft Visual Studio Solution File, Format Version 12.00
# Visual Studio Version 16
VisualStudioVersion = 16.0.31613.86
MinimumVisualStudioVersion = 10.0.40219.1
Project("{FAE04EC0-301F-11D3-BF4B-00C04F79EFBC}") = "Ejercicio_4", "Ejercicio_4\Ejercicio_4.csproj", "{97881B53-8E34-4C25-AE61-9481D6F9623C}"
EndProject
Global
	GlobalSection(SolutionConfigurationPlatforms) = preSolution
		Debug|Any CPU = Debug|Any CPU
		Release|Any CPU = Release|Any CPU
	EndGlobalSection
	GlobalSection(ProjectConfigurationPlatforms) = postSolution
		{97881B53-8E34-4C25-AE61-9481D6F9623C}.Debug|Any CPU.ActiveCfg = Debug|Any CPU
		{97881B53-8E34-4C25-AE61-9481D6F9623C}.Debug|Any CPU.Build.0 = Debug|Any CPU
		{97881B53-8E34-4C25-AE61-9481D6F9623C}.Release|Any CPU.ActiveCfg = Release|Any CPU
		{97881B53-8E34-4C25-AE61-9481D6F9623C}.Release|Any CPU.Build.0 = Release|Any CPU
	EndGlobalSection
	GlobalSection(SolutionProperties) = preSolution
		HideSolutionNode = FALSE
	EndGlobalSection
	GlobalSection(ExtensibilityGlobals) = postSolution
		SolutionGuid = {F317AC71-5EA3-4E6A-83CD-F78B71894BA9}
	EndGlobalSection
EndGlobal
