
Microsoft Visual Studio Solution File, Format Version 12.00
# Visual Studio Version 16
VisualStudioVersion = 16.0.31515.178
MinimumVisualStudioVersion = 10.0.40219.1
Project("{FAE04EC0-301F-11D3-BF4B-00C04F79EFBC}") = "Actividad 4_Problema 12", "Actividad 4_Problema 12.csproj", "{14D18E1B-4A7A-421D-9743-3DCFA438A119}"
EndProject
Global
	GlobalSection(SolutionConfigurationPlatforms) = preSolution
		Debug|Any CPU = Debug|Any CPU
		Release|Any CPU = Release|Any CPU
	EndGlobalSection
	GlobalSection(ProjectConfigurationPlatforms) = postSolution
		{14D18E1B-4A7A-421D-9743-3DCFA438A119}.Debug|Any CPU.ActiveCfg = Debug|Any CPU
		{14D18E1B-4A7A-421D-9743-3DCFA438A119}.Debug|Any CPU.Build.0 = Debug|Any CPU
		{14D18E1B-4A7A-421D-9743-3DCFA438A119}.Release|Any CPU.ActiveCfg = Release|Any CPU
		{14D18E1B-4A7A-421D-9743-3DCFA438A119}.Release|Any CPU.Build.0 = Release|Any CPU
	EndGlobalSection
	GlobalSection(SolutionProperties) = preSolution
		HideSolutionNode = FALSE
	EndGlobalSection
	GlobalSection(ExtensibilityGlobals) = postSolution
		SolutionGuid = {BD41DABB-A0A2-49E6-BB76-4214939F4495}
	EndGlobalSection
EndGlobal
