
Microsoft Visual Studio Solution File, Format Version 12.00
# Visual Studio Version 16
VisualStudioVersion = 16.0.31515.178
MinimumVisualStudioVersion = 10.0.40219.1
Project("{FAE04EC0-301F-11D3-BF4B-00C04F79EFBC}") = "Actividad 5_Problema 4", "Actividad 5_Problema 4.csproj", "{295C862C-154E-41F5-BE0D-A85B9B770F14}"
EndProject
Global
	GlobalSection(SolutionConfigurationPlatforms) = preSolution
		Debug|Any CPU = Debug|Any CPU
		Release|Any CPU = Release|Any CPU
	EndGlobalSection
	GlobalSection(ProjectConfigurationPlatforms) = postSolution
		{295C862C-154E-41F5-BE0D-A85B9B770F14}.Debug|Any CPU.ActiveCfg = Debug|Any CPU
		{295C862C-154E-41F5-BE0D-A85B9B770F14}.Debug|Any CPU.Build.0 = Debug|Any CPU
		{295C862C-154E-41F5-BE0D-A85B9B770F14}.Release|Any CPU.ActiveCfg = Release|Any CPU
		{295C862C-154E-41F5-BE0D-A85B9B770F14}.Release|Any CPU.Build.0 = Release|Any CPU
	EndGlobalSection
	GlobalSection(SolutionProperties) = preSolution
		HideSolutionNode = FALSE
	EndGlobalSection
	GlobalSection(ExtensibilityGlobals) = postSolution
		SolutionGuid = {F5A9C508-2614-4A9D-845B-9B25138490B9}
	EndGlobalSection
EndGlobal
