
Microsoft Visual Studio Solution File, Format Version 12.00
# Visual Studio Version 16
VisualStudioVersion = 16.0.31515.178
MinimumVisualStudioVersion = 10.0.40219.1
Project("{FAE04EC0-301F-11D3-BF4B-00C04F79EFBC}") = "Actividad 3_Problema 7", "Actividad 3_Problema 7.csproj", "{DD7A39D0-DC6F-4FD9-98A3-E727F1253468}"
EndProject
Global
	GlobalSection(SolutionConfigurationPlatforms) = preSolution
		Debug|Any CPU = Debug|Any CPU
		Release|Any CPU = Release|Any CPU
	EndGlobalSection
	GlobalSection(ProjectConfigurationPlatforms) = postSolution
		{DD7A39D0-DC6F-4FD9-98A3-E727F1253468}.Debug|Any CPU.ActiveCfg = Debug|Any CPU
		{DD7A39D0-DC6F-4FD9-98A3-E727F1253468}.Debug|Any CPU.Build.0 = Debug|Any CPU
		{DD7A39D0-DC6F-4FD9-98A3-E727F1253468}.Release|Any CPU.ActiveCfg = Release|Any CPU
		{DD7A39D0-DC6F-4FD9-98A3-E727F1253468}.Release|Any CPU.Build.0 = Release|Any CPU
	EndGlobalSection
	GlobalSection(SolutionProperties) = preSolution
		HideSolutionNode = FALSE
	EndGlobalSection
	GlobalSection(ExtensibilityGlobals) = postSolution
		SolutionGuid = {695A3B24-4473-4015-A879-3378D4D59AE6}
	EndGlobalSection
EndGlobal
