
Microsoft Visual Studio Solution File, Format Version 12.00
# Visual Studio Version 16
VisualStudioVersion = 16.0.31613.86
MinimumVisualStudioVersion = 10.0.40219.1
Project("{FAE04EC0-301F-11D3-BF4B-00C04F79EFBC}") = "Ejercicio_3", "Ejercicio_3\Ejercicio_3.csproj", "{A06FC3FC-304E-4DD5-9565-065CB95E1E79}"
EndProject
Global
	GlobalSection(SolutionConfigurationPlatforms) = preSolution
		Debug|Any CPU = Debug|Any CPU
		Release|Any CPU = Release|Any CPU
	EndGlobalSection
	GlobalSection(ProjectConfigurationPlatforms) = postSolution
		{A06FC3FC-304E-4DD5-9565-065CB95E1E79}.Debug|Any CPU.ActiveCfg = Debug|Any CPU
		{A06FC3FC-304E-4DD5-9565-065CB95E1E79}.Debug|Any CPU.Build.0 = Debug|Any CPU
		{A06FC3FC-304E-4DD5-9565-065CB95E1E79}.Release|Any CPU.ActiveCfg = Release|Any CPU
		{A06FC3FC-304E-4DD5-9565-065CB95E1E79}.Release|Any CPU.Build.0 = Release|Any CPU
	EndGlobalSection
	GlobalSection(SolutionProperties) = preSolution
		HideSolutionNode = FALSE
	EndGlobalSection
	GlobalSection(ExtensibilityGlobals) = postSolution
		SolutionGuid = {BB3F0C09-C04B-4CB2-8546-5E1AD155138E}
	EndGlobalSection
EndGlobal
