
Microsoft Visual Studio Solution File, Format Version 12.00
# Visual Studio Version 16
VisualStudioVersion = 16.0.31515.178
MinimumVisualStudioVersion = 10.0.40219.1
Project("{FAE04EC0-301F-11D3-BF4B-00C04F79EFBC}") = "Actividad 2_Problema 1", "Actividad 2_Problema 1.csproj", "{1D03C7C6-D4A5-4DE7-93CD-29EB4A90E5BD}"
EndProject
Global
	GlobalSection(SolutionConfigurationPlatforms) = preSolution
		Debug|Any CPU = Debug|Any CPU
		Release|Any CPU = Release|Any CPU
	EndGlobalSection
	GlobalSection(ProjectConfigurationPlatforms) = postSolution
		{1D03C7C6-D4A5-4DE7-93CD-29EB4A90E5BD}.Debug|Any CPU.ActiveCfg = Debug|Any CPU
		{1D03C7C6-D4A5-4DE7-93CD-29EB4A90E5BD}.Debug|Any CPU.Build.0 = Debug|Any CPU
		{1D03C7C6-D4A5-4DE7-93CD-29EB4A90E5BD}.Release|Any CPU.ActiveCfg = Release|Any CPU
		{1D03C7C6-D4A5-4DE7-93CD-29EB4A90E5BD}.Release|Any CPU.Build.0 = Release|Any CPU
	EndGlobalSection
	GlobalSection(SolutionProperties) = preSolution
		HideSolutionNode = FALSE
	EndGlobalSection
	GlobalSection(ExtensibilityGlobals) = postSolution
		SolutionGuid = {22F64777-A56B-4689-A7FC-77E3EA9B3516}
	EndGlobalSection
EndGlobal
