
Microsoft Visual Studio Solution File, Format Version 12.00
# Visual Studio Version 16
VisualStudioVersion = 16.0.31515.178
MinimumVisualStudioVersion = 10.0.40219.1
Project("{FAE04EC0-301F-11D3-BF4B-00C04F79EFBC}") = "Actividad 5_Problema 3", "Actividad 5_Problema 3.csproj", "{CC46227C-CDB8-41F9-B524-E069DF81144A}"
EndProject
Global
	GlobalSection(SolutionConfigurationPlatforms) = preSolution
		Debug|Any CPU = Debug|Any CPU
		Release|Any CPU = Release|Any CPU
	EndGlobalSection
	GlobalSection(ProjectConfigurationPlatforms) = postSolution
		{CC46227C-CDB8-41F9-B524-E069DF81144A}.Debug|Any CPU.ActiveCfg = Debug|Any CPU
		{CC46227C-CDB8-41F9-B524-E069DF81144A}.Debug|Any CPU.Build.0 = Debug|Any CPU
		{CC46227C-CDB8-41F9-B524-E069DF81144A}.Release|Any CPU.ActiveCfg = Release|Any CPU
		{CC46227C-CDB8-41F9-B524-E069DF81144A}.Release|Any CPU.Build.0 = Release|Any CPU
	EndGlobalSection
	GlobalSection(SolutionProperties) = preSolution
		HideSolutionNode = FALSE
	EndGlobalSection
	GlobalSection(ExtensibilityGlobals) = postSolution
		SolutionGuid = {1F888C04-0C6A-4C7A-A37D-404830B51A4B}
	EndGlobalSection
EndGlobal
